
Microsoft Visual Studio Solution File, Format Version 12.00
# Visual Studio 15
VisualStudioVersion = 15.0.27004.2008
MinimumVisualStudioVersion = 10.0.40219.1
Project("{FAE04EC0-301F-11D3-BF4B-00C04F79EFBC}") = "StudentEnrollment", "StudentEnrollment\StudentEnrollment.csproj", "{8893D12F-EC61-4EA5-A056-3E29B53CBBCA}"
EndProject
Global
	GlobalSection(SolutionConfigurationPlatforms) = preSolution
		Debug|Any CPU = Debug|Any CPU
		Release|Any CPU = Release|Any CPU
	EndGlobalSection
	GlobalSection(ProjectConfigurationPlatforms) = postSolution
		{8893D12F-EC61-4EA5-A056-3E29B53CBBCA}.Debug|Any CPU.ActiveCfg = Debug|Any CPU
		{8893D12F-EC61-4EA5-A056-3E29B53CBBCA}.Debug|Any CPU.Build.0 = Debug|Any CPU
		{8893D12F-EC61-4EA5-A056-3E29B53CBBCA}.Release|Any CPU.ActiveCfg = Release|Any CPU
		{8893D12F-EC61-4EA5-A056-3E29B53CBBCA}.Release|Any CPU.Build.0 = Release|Any CPU
	EndGlobalSection
	GlobalSection(SolutionProperties) = preSolution
		HideSolutionNode = FALSE
	EndGlobalSection
	GlobalSection(ExtensibilityGlobals) = postSolution
		SolutionGuid = {4ED604F3-5194-418A-9233-098DF98FCC8D}
	EndGlobalSection
EndGlobal
